Microsoft Visual Studio Solution File, Format Version 12.00
# Visual Studio Version 17
VisualStudioVersion = 17.8.34330.188
MinimumVisualStudioVersion = 10.0.40219.1
Project("{FAE04EC0-301F-11D3-BF4B-00C04F79EFBC}") = "DiffMore.Core", "DiffMore.Core\DiffMore.Core.csproj", "{A764407C-B8DC-485C-BE87-9C44C7EF26BF}"
EndProject
Project("{FAE04EC0-301F-11D3-BF4B-00C04F79EFBC}") = "DiffMore.ConsoleApp", "DiffMore.ConsoleApp\DiffMore.ConsoleApp.csproj", "{094B418E-9C5D-901A-71FE-F2ABBA1CEF6C}"
EndProject
Project("{FAE04EC0-301F-11D3-BF4B-00C04F79EFBC}") = "DiffMore.Test", "DiffMore.Test\DiffMore.Test.csproj", "{EEE5BC8E-9611-76C4-E77C-015D377A9EDA}"
EndProject
Global
	GlobalSection(SolutionConfigurationPlatforms) = preSolution
		Debug|Any CPU = Debug|Any CPU
		Release|Any CPU = Release|Any CPU
	EndGlobalSection
	GlobalSection(ProjectConfigurationPlatforms) = postSolution
		{A764407C-B8DC-485C-BE87-9C44C7EF26BF}.Debug|Any CPU.ActiveCfg = Debug|Any CPU
		{A764407C-B8DC-485C-BE87-9C44C7EF26BF}.Debug|Any CPU.Build.0 = Debug|Any CPU
		{A764407C-B8DC-485C-BE87-9C44C7EF26BF}.Release|Any CPU.ActiveCfg = Release|Any CPU
		{A764407C-B8DC-485C-BE87-9C44C7EF26BF}.Release|Any CPU.Build.0 = Release|Any CPU
		{094B418E-9C5D-901A-71FE-F2ABBA1CEF6C}.Debug|Any CPU.ActiveCfg = Debug|Any CPU
		{094B418E-9C5D-901A-71FE-F2ABBA1CEF6C}.Debug|Any CPU.Build.0 = Debug|Any CPU
		{094B418E-9C5D-901A-71FE-F2ABBA1CEF6C}.Release|Any CPU.ActiveCfg = Release|Any CPU
		{094B418E-9C5D-901A-71FE-F2ABBA1CEF6C}.Release|Any CPU.Build.0 = Release|Any CPU
		{EEE5BC8E-9611-76C4-E77C-015D377A9EDA}.Debug|Any CPU.ActiveCfg = Debug|Any CPU
		{EEE5BC8E-9611-76C4-E77C-015D377A9EDA}.Debug|Any CPU.Build.0 = Debug|Any CPU
		{EEE5BC8E-9611-76C4-E77C-015D377A9EDA}.Release|Any CPU.ActiveCfg = Release|Any CPU
		{EEE5BC8E-9611-76C4-E77C-015D377A9EDA}.Release|Any CPU.Build.0 = Release|Any CPU
	EndGlobalSection
	GlobalSection(SolutionProperties) = preSolution
		HideSolutionNode = FALSE
	EndGlobalSection
	GlobalSection(ExtensibilityGlobals) = postSolution
		SolutionGuid = {e464207c-5f3d-42a5-8bcc-d2f3f750cf8b}
	EndGlobalSection
EndGlobal
